
Microsoft Visual Studio Solution File, Format Version 12.00
# Visual Studio Version 16
VisualStudioVersion = 16.0.30611.23
MinimumVisualStudioVersion = 10.0.40219.1
Project("{888888A0-9F3D-457C-B088-3A5042F75D52}") = "QubitExperience", "QubitExperience\QubitExperience.pyproj", "{42A8422E-A5AA-459C-9436-73C0218F69CD}"
EndProject
Global
	GlobalSection(SolutionConfigurationPlatforms) = preSolution
		Debug|Any CPU = Debug|Any CPU
		Release|Any CPU = Release|Any CPU
	EndGlobalSection
	GlobalSection(ProjectConfigurationPlatforms) = postSolution
		{42A8422E-A5AA-459C-9436-73C0218F69CD}.Debug|Any CPU.ActiveCfg = Debug|Any CPU
		{42A8422E-A5AA-459C-9436-73C0218F69CD}.Release|Any CPU.ActiveCfg = Release|Any CPU
	EndGlobalSection
	GlobalSection(SolutionProperties) = preSolution
		HideSolutionNode = FALSE
	EndGlobalSection
	GlobalSection(ExtensibilityGlobals) = postSolution
		SolutionGuid = {27B4E9CD-605A-4DA7-846C-8468B000902B}
	EndGlobalSection
EndGlobal
